
Microsoft Visual Studio Solution File, Format Version 12.00
# Visual Studio Version 17
VisualStudioVersion = 17.11.35327.3
MinimumVisualStudioVersion = 10.0.40219.1
Project("{FAE04EC0-301F-11D3-BF4B-00C04F79EFBC}") = "frmLoginAccount", "frmLoginAccount\frmLoginAccount.csproj", "{20C5606C-18D4-468C-B1DD-458A80E4844F}"
EndProject
Global
	GlobalSection(SolutionConfigurationPlatforms) = preSolution
		Debug|Any CPU = Debug|Any CPU
		Release|Any CPU = Release|Any CPU
	EndGlobalSection
	GlobalSection(ProjectConfigurationPlatforms) = postSolution
		{20C5606C-18D4-468C-B1DD-458A80E4844F}.Debug|Any CPU.ActiveCfg = Debug|Any CPU
		{20C5606C-18D4-468C-B1DD-458A80E4844F}.Debug|Any CPU.Build.0 = Debug|Any CPU
		{20C5606C-18D4-468C-B1DD-458A80E4844F}.Release|Any CPU.ActiveCfg = Release|Any CPU
		{20C5606C-18D4-468C-B1DD-458A80E4844F}.Release|Any CPU.Build.0 = Release|Any CPU
	EndGlobalSection
	GlobalSection(SolutionProperties) = preSolution
		HideSolutionNode = FALSE
	EndGlobalSection
	GlobalSection(ExtensibilityGlobals) = postSolution
		SolutionGuid = {82D3B2D2-6E9F-4065-9C3E-4DCD163415B9}
	EndGlobalSection
EndGlobal
